{
  "name": "function",
  "version": "1.0.0",
  "lockfileVersion": 1,
  "requires": true,
  "dependencies": {
    "@improbable-eng/grpc-web": {
      "version": "0.13.0",
      "resolved": "https://registry.npmjs.org/@improbable-eng/grpc-web/-/grpc-web-0.13.0.tgz",
      "integrity": "sha512-vaxxT+Qwb7GPqDQrBV4vAAfH0HywgOLw6xGIKXd9Q8hcV63CQhmS3p4+pZ9/wVvt4Ph3ZDK9fdC983b9aGMUFg==",
      "requires": {
        "browser-headers": "^0.4.0"
      }
    },
    "@improbable-eng/grpc-web-node-http-transport": {
      "version": "0.12.0",
      "resolved": "https://registry.npmjs.org/@improbable-eng/grpc-web-node-http-transport/-/grpc-web-node-http-transport-0.12.0.tgz",
      "integrity": "sha512-+Kjz+Dktfz5LKTZA9ZW/Vlww6HF9KaKz4x2mVe1O8CJdOP2WfzC+KY8L6EWMqVLrV4MvdBuQdSgDmvSJz+OGuA=="
    },
    "@textile/grpc-powergate-client": {
      "version": "0.2.0",
      "resolved": "https://registry.npmjs.org/@textile/grpc-powergate-client/-/grpc-powergate-client-0.2.0.tgz",
      "integrity": "sha512-h/AHAPVGQwL6QPoBCCAdqF+bbfRl6Q0eTw4a3mJnjD0F3ILG+zH8qjJ6dNOSPMOcEJjTGUzma0GqN/+nCvI00g==",
      "requires": {
        "@improbable-eng/grpc-web": "^0.13.0",
        "@types/google-protobuf": "^3.7.2",
        "google-protobuf": "^3.12.2"
      }
    },
    "@textile/powergate-client": {
      "version": "0.2.0",
      "resolved": "https://registry.npmjs.org/@textile/powergate-client/-/powergate-client-0.2.0.tgz",
      "integrity": "sha512-GTGzGKx4x4GZAXov9ccpCEogu8iqHx4vVz30eG53vR8SZR+Bgbi3a/lLjGA2mrKaFhBSjwRkz7qmI55lMxy5LQ==",
      "requires": {
        "@improbable-eng/grpc-web-node-http-transport": "^0.12.0",
        "@textile/grpc-powergate-client": "0.2.0"
      }
    },
    "@types/google-protobuf": {
      "version": "3.7.2",
      "resolved": "https://registry.npmjs.org/@types/google-protobuf/-/google-protobuf-3.7.2.tgz",
      "integrity": "sha512-ifFemzjNchFBCtHS6bZNhSZCBu7tbtOe0e8qY0z2J4HtFXmPJjm6fXSaQsTG7yhShBEZtt2oP/bkwu5k+emlkQ=="
    },
    "browser-headers": {
      "version": "0.4.1",
      "resolved": "https://registry.npmjs.org/browser-headers/-/browser-headers-0.4.1.tgz",
      "integrity": "sha512-CA9hsySZVo9371qEHjHZtYxV2cFtVj5Wj/ZHi8ooEsrtm4vOnl9Y9HmyYWk9q+05d7K3rdoAE0j3MVEFVvtQtg=="
    },
    "google-protobuf": {
      "version": "3.12.4",
      "resolved": "https://registry.npmjs.org/google-protobuf/-/google-protobuf-3.12.4.tgz",
      "integrity": "sha512-ItTn8YepDQMHEMHloUPH+FDaTPiHTnbsMvP50aXfbI65IK3AA5+wXlHSygJH8xz+h1g4gu7V+CK5X1/SaGITsA=="
    }
  }
}
